// !$*UTF8*$!
{
	archiveVersion = 1;
	classes = {
	};
	objectVersion = 55;
	objects = {

/* Begin PBXBuildFile section */
		CE1B57DF27A10B1B005837ED /* Functions.swift in Sources */ = {isa = PBXBuildFile; fileRef = CE1B57DE27A10B1B005837ED /* Functions.swift */; };
		CE1B57E227A10F4A005837ED /* ClassworkDecisionVC.swift in Sources */ = {isa = PBXBuildFile; fileRef = CE1B57E127A10F4A005837ED /* ClassworkDecisionVC.swift */; };
		CE1B57E527A1C25D005837ED /* Classroom.swift in Sources */ = {isa = PBXBuildFile; fileRef = CE1B57E427A1C25D005837ED /* Classroom.swift */; };
		CE1B57E727A1C3C0005837ED /* ClassroomInternal.swift in Sources */ = {isa = PBXBuildFile; fileRef = CE1B57E627A1C3C0005837ED /* ClassroomInternal.swift */; };
		CE1B57E927A1C44C005837ED /* ClassroomRestEndpoints.swift in Sources */ = {isa = PBXBuildFile; fileRef = CE1B57E827A1C44C005837ED /* ClassroomRestEndpoints.swift */; };
		CE2B18E0275D6A3C0033AB1E /* OnboardingVC.swift in Sources */ = {isa = PBXBuildFile; fileRef = CE2B18DF275D6A3C0033AB1E /* OnboardingVC.swift */; };
		CE2B18E4275D70BB0033AB1E /* DueDateCell.swift in Sources */ = {isa = PBXBuildFile; fileRef = CE2B18E3275D70BB0033AB1E /* DueDateCell.swift */; };
		CE541D9D277C4C01008532EE /* ClassroomManager.swift in Sources */ = {isa = PBXBuildFile; fileRef = CE541D9C277C4C01008532EE /* ClassroomManager.swift */; };
		CE541D9F277C510B008532EE /* RestManager.swift in Sources */ = {isa = PBXBuildFile; fileRef = CE541D9E277C510B008532EE /* RestManager.swift */; };
		CE541DA4277CFEDE008532EE /* GoogleSignIn in Frameworks */ = {isa = PBXBuildFile; productRef = CE541DA3277CFEDE008532EE /* GoogleSignIn */; };
		CE541DA8277D0A18008532EE /* SignInVC.swift in Sources */ = {isa = PBXBuildFile; fileRef = CE541DA7277D0A18008532EE /* SignInVC.swift */; };
		CE541DAE277E4F36008532EE /* DataManager.swift in Sources */ = {isa = PBXBuildFile; fileRef = CE541DAD277E4F36008532EE /* DataManager.swift */; };
		CE541DB1277E4FE8008532EE /* Class.swift in Sources */ = {isa = PBXBuildFile; fileRef = CE541DB0277E4FE8008532EE /* Class.swift */; };
		CE541DB3277E4FF7008532EE /* Assignment.swift in Sources */ = {isa = PBXBuildFile; fileRef = CE541DB2277E4FF7008532EE /* Assignment.swift */; };
		CE541DB6277E50F2008532EE /* Course.swift in Sources */ = {isa = PBXBuildFile; fileRef = CE541DB5277E50F2008532EE /* Course.swift */; };
		CE541DB8277E5114008532EE /* CourseWork.swift in Sources */ = {isa = PBXBuildFile; fileRef = CE541DB7277E5114008532EE /* CourseWork.swift */; };
		CE541DBA277E5149008532EE /* Date&Time.swift in Sources */ = {isa = PBXBuildFile; fileRef = CE541DB9277E5149008532EE /* Date&Time.swift */; };
		CE541DC2277E7A78008532EE /* GoogleSignInManager.swift in Sources */ = {isa = PBXBuildFile; fileRef = CE541DC1277E7A78008532EE /* GoogleSignInManager.swift */; };
		CE541DC6277FB65C008532EE /* SettingsVC.swift in Sources */ = {isa = PBXBuildFile; fileRef = CE541DC5277FB65C008532EE /* SettingsVC.swift */; };
		CE541DC827819BB0008532EE /* ENewsVC.swift in Sources */ = {isa = PBXBuildFile; fileRef = CE541DC727819BB0008532EE /* ENewsVC.swift */; };
		CE541DCA2781A084008532EE /* StudentSubmission.swift in Sources */ = {isa = PBXBuildFile; fileRef = CE541DC92781A084008532EE /* StudentSubmission.swift */; };
		CE57B3B0275AB20000BE311E /* AppDelegate.swift in Sources */ = {isa = PBXBuildFile; fileRef = CE57B3AF275AB20000BE311E /* AppDelegate.swift */; };
		CE57B3B2275AB20000BE311E /* SceneDelegate.swift in Sources */ = {isa = PBXBuildFile; fileRef = CE57B3B1275AB20000BE311E /* SceneDelegate.swift */; };
		CE57B3B4275AB20000BE311E /* ClassworkVC.swift in Sources */ = {isa = PBXBuildFile; fileRef = CE57B3B3275AB20000BE311E /* ClassworkVC.swift */; };
		CE57B3B7275AB20000BE311E /* Main.storyboard in Resources */ = {isa = PBXBuildFile; fileRef = CE57B3B5275AB20000BE311E /* Main.storyboard */; };
		CE57B3B9275AB20A00BE311E /* Assets.xcassets in Resources */ = {isa = PBXBuildFile; fileRef = CE57B3B8275AB20A00BE311E /* Assets.xcassets */; };
		CE57B3BC275AB20A00BE311E /* LaunchScreen.storyboard in Resources */ = {isa = PBXBuildFile; fileRef = CE57B3BA275AB20A00BE311E /* LaunchScreen.storyboard */; };
		CE82A19E27826503002E63DE /* AddScopesVC.swift in Sources */ = {isa = PBXBuildFile; fileRef = CE82A19D27826503002E63DE /* AddScopesVC.swift */; };
		CE82A1A027839EEE002E63DE /* BulletinVC.swift in Sources */ = {isa = PBXBuildFile; fileRef = CE82A19F27839EEE002E63DE /* BulletinVC.swift */; };
		CE8E6475278C2D2200F09A3F /* FooterCell.swift in Sources */ = {isa = PBXBuildFile; fileRef = CE8E6474278C2D2100F09A3F /* FooterCell.swift */; };
		CEA300D92797945900FE2D0A /* Registration.swift in Sources */ = {isa = PBXBuildFile; fileRef = CEA300D82797945900FE2D0A /* Registration.swift */; };
		CED203A427D9370E00E5120E /* ArchiveCode.swift in Sources */ = {isa = PBXBuildFile; fileRef = CED203A327D9370E00E5120E /* ArchiveCode.swift */; };
		CEEA63AB27D9789B00C420C1 /* UserDefaultsManager.swift in Sources */ = {isa = PBXBuildFile; fileRef = CEEA63AA27D9789B00C420C1 /* UserDefaultsManager.swift */; };
/* End PBXBuildFile section */

/* Begin PBXFileReference section */
		CE1B57DE27A10B1B005837ED /* Functions.swift */ = {isa = PBXFileReference; lastKnownFileType = sourcecode.swift; path = Functions.swift; sourceTree = "<group>"; };
		CE1B57E127A10F4A005837ED /* ClassworkDecisionVC.swift */ = {isa = PBXFileReference; lastKnownFileType = sourcecode.swift; path = ClassworkDecisionVC.swift; sourceTree = "<group>"; };
		CE1B57E427A1C25D005837ED /* Classroom.swift */ = {isa = PBXFileReference; lastKnownFileType = sourcecode.swift; path = Classroom.swift; sourceTree = "<group>"; };
		CE1B57E627A1C3C0005837ED /* ClassroomInternal.swift */ = {isa = PBXFileReference; lastKnownFileType = sourcecode.swift; path = ClassroomInternal.swift; sourceTree = "<group>"; };
		CE1B57E827A1C44C005837ED /* ClassroomRestEndpoints.swift */ = {isa = PBXFileReference; lastKnownFileType = sourcecode.swift; path = ClassroomRestEndpoints.swift; sourceTree = "<group>"; };
		CE2B18DF275D6A3C0033AB1E /* OnboardingVC.swift */ = {isa = PBXFileReference; lastKnownFileType = sourcecode.swift; path = OnboardingVC.swift; sourceTree = "<group>"; };
		CE2B18E3275D70BB0033AB1E /* DueDateCell.swift */ = {isa = PBXFileReference; lastKnownFileType = sourcecode.swift; path = DueDateCell.swift; sourceTree = "<group>"; };
		CE541D9C277C4C01008532EE /* ClassroomManager.swift */ = {isa = PBXFileReference; lastKnownFileType = sourcecode.swift; path = ClassroomManager.swift; sourceTree = "<group>"; };
		CE541D9E277C510B008532EE /* RestManager.swift */ = {isa = PBXFileReference; lastKnownFileType = sourcecode.swift; path = RestManager.swift; sourceTree = "<group>"; };
		CE541DA7277D0A18008532EE /* SignInVC.swift */ = {isa = PBXFileReference; lastKnownFileType = sourcecode.swift; path = SignInVC.swift; sourceTree = "<group>"; };
		CE541DAD277E4F36008532EE /* DataManager.swift */ = {isa = PBXFileReference; lastKnownFileType = sourcecode.swift; path = DataManager.swift; sourceTree = "<group>"; };
		CE541DB0277E4FE8008532EE /* Class.swift */ = {isa = PBXFileReference; lastKnownFileType = sourcecode.swift; path = Class.swift; sourceTree = "<group>"; };
		CE541DB2277E4FF7008532EE /* Assignment.swift */ = {isa = PBXFileReference; lastKnownFileType = sourcecode.swift; path = Assignment.swift; sourceTree = "<group>"; };
		CE541DB5277E50F2008532EE /* Course.swift */ = {isa = PBXFileReference; lastKnownFileType = sourcecode.swift; path = Course.swift; sourceTree = "<group>"; };
		CE541DB7277E5114008532EE /* CourseWork.swift */ = {isa = PBXFileReference; lastKnownFileType = sourcecode.swift; path = CourseWork.swift; sourceTree = "<group>"; };
		CE541DB9277E5149008532EE /* Date&Time.swift */ = {isa = PBXFileReference; lastKnownFileType = sourcecode.swift; path = "Date&Time.swift"; sourceTree = "<group>"; };
		CE541DC1277E7A78008532EE /* GoogleSignInManager.swift */ = {isa = PBXFileReference; fileEncoding = 4; lastKnownFileType = sourcecode.swift; path = GoogleSignInManager.swift; sourceTree = "<group>"; };
		CE541DC5277FB65C008532EE /* SettingsVC.swift */ = {isa = PBXFileReference; lastKnownFileType = sourcecode.swift; path = SettingsVC.swift; sourceTree = "<group>"; };
		CE541DC727819BB0008532EE /* ENewsVC.swift */ = {isa = PBXFileReference; lastKnownFileType = sourcecode.swift; path = ENewsVC.swift; sourceTree = "<group>"; };
		CE541DC92781A084008532EE /* StudentSubmission.swift */ = {isa = PBXFileReference; lastKnownFileType = sourcecode.swift; path = StudentSubmission.swift; sourceTree = "<group>"; };
		CE57B3AC275AB20000BE311E /* OPUSDReminder.app */ = {isa = PBXFileReference; explicitFileType = wrapper.application; includeInIndex = 0; path = OPUSDReminder.app; sourceTree = BUILT_PRODUCTS_DIR; };
		CE57B3AF275AB20000BE311E /* AppDelegate.swift */ = {isa = PBXFileReference; lastKnownFileType = sourcecode.swift; path = AppDelegate.swift; sourceTree = "<group>"; };
		CE57B3B1275AB20000BE311E /* SceneDelegate.swift */ = {isa = PBXFileReference; lastKnownFileType = sourcecode.swift; path = SceneDelegate.swift; sourceTree = "<group>"; };
		CE57B3B3275AB20000BE311E /* ClassworkVC.swift */ = {isa = PBXFileReference; lastKnownFileType = sourcecode.swift; path = ClassworkVC.swift; sourceTree = "<group>"; };
		CE57B3B6275AB20000BE311E /* Base */ = {isa = PBXFileReference; lastKnownFileType = file.storyboard; name = Base; path = Base.lproj/Main.storyboard; sourceTree = "<group>"; };
		CE57B3B8275AB20A00BE311E /* Assets.xcassets */ = {isa = PBXFileReference; lastKnownFileType = folder.assetcatalog; path = Assets.xcassets; sourceTree = "<group>"; };
		CE57B3BB275AB20A00BE311E /* Base */ = {isa = PBXFileReference; lastKnownFileType = file.storyboard; name = Base; path = Base.lproj/LaunchScreen.storyboard; sourceTree = "<group>"; };
		CE57B3BD275AB20A00BE311E /* Info.plist */ = {isa = PBXFileReference; lastKnownFileType = text.plist.xml; path = Info.plist; sourceTree = "<group>"; };
		CE82A19D27826503002E63DE /* AddScopesVC.swift */ = {isa = PBXFileReference; lastKnownFileType = sourcecode.swift; path = AddScopesVC.swift; sourceTree = "<group>"; };
		CE82A19F27839EEE002E63DE /* BulletinVC.swift */ = {isa = PBXFileReference; lastKnownFileType = sourcecode.swift; path = BulletinVC.swift; sourceTree = "<group>"; };
		CE8E6474278C2D2100F09A3F /* FooterCell.swift */ = {isa = PBXFileReference; lastKnownFileType = sourcecode.swift; path = FooterCell.swift; sourceTree = "<group>"; };
		CEA300D82797945900FE2D0A /* Registration.swift */ = {isa = PBXFileReference; lastKnownFileType = sourcecode.swift; path = Registration.swift; sourceTree = "<group>"; };
		CED203A327D9370E00E5120E /* ArchiveCode.swift */ = {isa = PBXFileReference; lastKnownFileType = sourcecode.swift; path = ArchiveCode.swift; sourceTree = "<group>"; };
		CEEA63AA27D9789B00C420C1 /* UserDefaultsManager.swift */ = {isa = PBXFileReference; lastKnownFileType = sourcecode.swift; path = UserDefaultsManager.swift; sourceTree = "<group>"; };
/* End PBXFileReference section */

/* Begin PBXFrameworksBuildPhase section */
		CE57B3A9275AB20000BE311E /* Frameworks */ = {
			isa = PBXFrameworksBuildPhase;
			buildActionMask = 2147483647;
			files = (
				CE541DA4277CFEDE008532EE /* GoogleSignIn in Frameworks */,
			);
			runOnlyForDeploymentPostprocessing = 0;
		};
/* End PBXFrameworksBuildPhase section */

/* Begin PBXGroup section */
		CE1B57DD27A10B01005837ED /* Globals */ = {
			isa = PBXGroup;
			children = (
				CE1B57DE27A10B1B005837ED /* Functions.swift */,
			);
			path = Globals;
			sourceTree = "<group>";
		};
		CE1B57E027A10F03005837ED /* Google Sign In */ = {
			isa = PBXGroup;
			children = (
				CE1B57E127A10F4A005837ED /* ClassworkDecisionVC.swift */,
				CE541DA7277D0A18008532EE /* SignInVC.swift */,
				CE82A19D27826503002E63DE /* AddScopesVC.swift */,
			);
			path = "Google Sign In";
			sourceTree = "<group>";
		};
		CE1B57E327A1C22F005837ED /* Google Classroom */ = {
			isa = PBXGroup;
			children = (
				CE1B57E427A1C25D005837ED /* Classroom.swift */,
				CE1B57E627A1C3C0005837ED /* ClassroomInternal.swift */,
				CE1B57E827A1C44C005837ED /* ClassroomRestEndpoints.swift */,
			);
			path = "Google Classroom";
			sourceTree = "<group>";
		};
		CE2B18E5275D717B0033AB1E /* View */ = {
			isa = PBXGroup;
			children = (
				CE57B3B5275AB20000BE311E /* Main.storyboard */,
				CE2B18E3275D70BB0033AB1E /* DueDateCell.swift */,
				CE8E6474278C2D2100F09A3F /* FooterCell.swift */,
			);
			path = View;
			sourceTree = "<group>";
		};
		CE2B18E6275D71840033AB1E /* Model */ = {
			isa = PBXGroup;
			children = (
				CE541DAF277E4FD4008532EE /* Internal Models */,
				CE541DB4277E50C0008532EE /* Classroom Models */,
			);
			path = Model;
			sourceTree = "<group>";
		};
		CE2B18E7275D718C0033AB1E /* Controller */ = {
			isa = PBXGroup;
			children = (
				CE541DC3277FA40F008532EE /* Launch */,
				CE1B57E027A10F03005837ED /* Google Sign In */,
				CE541DC4277FA41A008532EE /* Main */,
			);
			path = Controller;
			sourceTree = "<group>";
		};
		CE541D9B277C4BE6008532EE /* Managers */ = {
			isa = PBXGroup;
			children = (
				CE541DC1277E7A78008532EE /* GoogleSignInManager.swift */,
				CE541D9C277C4C01008532EE /* ClassroomManager.swift */,
				CE541D9E277C510B008532EE /* RestManager.swift */,
				CE541DAD277E4F36008532EE /* DataManager.swift */,
				CEEA63AA27D9789B00C420C1 /* UserDefaultsManager.swift */,
			);
			path = Managers;
			sourceTree = "<group>";
		};
		CE541DAF277E4FD4008532EE /* Internal Models */ = {
			isa = PBXGroup;
			children = (
				CE541DB0277E4FE8008532EE /* Class.swift */,
				CE541DB2277E4FF7008532EE /* Assignment.swift */,
			);
			path = "Internal Models";
			sourceTree = "<group>";
		};
		CE541DB4277E50C0008532EE /* Classroom Models */ = {
			isa = PBXGroup;
			children = (
				CE541DB5277E50F2008532EE /* Course.swift */,
				CE541DB7277E5114008532EE /* CourseWork.swift */,
				CE541DC92781A084008532EE /* StudentSubmission.swift */,
				CE541DB9277E5149008532EE /* Date&Time.swift */,
				CEA300D82797945900FE2D0A /* Registration.swift */,
			);
			path = "Classroom Models";
			sourceTree = "<group>";
		};
		CE541DC3277FA40F008532EE /* Launch */ = {
			isa = PBXGroup;
			children = (
				CE2B18DF275D6A3C0033AB1E /* OnboardingVC.swift */,
			);
			path = Launch;
			sourceTree = "<group>";
		};
		CE541DC4277FA41A008532EE /* Main */ = {
			isa = PBXGroup;
			children = (
				CE57B3B3275AB20000BE311E /* ClassworkVC.swift */,
				CE541DC727819BB0008532EE /* ENewsVC.swift */,
				CE82A19F27839EEE002E63DE /* BulletinVC.swift */,
				CE541DC5277FB65C008532EE /* SettingsVC.swift */,
			);
			path = Main;
			sourceTree = "<group>";
		};
		CE57B3A3275AB20000BE311E = {
			isa = PBXGroup;
			children = (
				CE57B3AE275AB20000BE311E /* OPUSDReminder */,
				CE57B3AD275AB20000BE311E /* Products */,
				CEEE0AEA27BD723500E5C97A /* Frameworks */,
			);
			sourceTree = "<group>";
		};
		CE57B3AD275AB20000BE311E /* Products */ = {
			isa = PBXGroup;
			children = (
				CE57B3AC275AB20000BE311E /* OPUSDReminder.app */,
			);
			name = Products;
			sourceTree = "<group>";
		};
		CE57B3AE275AB20000BE311E /* OPUSDReminder */ = {
			isa = PBXGroup;
			children = (
				CE57B3AF275AB20000BE311E /* AppDelegate.swift */,
				CE57B3B1275AB20000BE311E /* SceneDelegate.swift */,
				CE1B57E327A1C22F005837ED /* Google Classroom */,
				CE2B18E5275D717B0033AB1E /* View */,
				CE2B18E7275D718C0033AB1E /* Controller */,
				CE541D9B277C4BE6008532EE /* Managers */,
				CE2B18E6275D71840033AB1E /* Model */,
				CE1B57DD27A10B01005837ED /* Globals */,
				CE57B3B8275AB20A00BE311E /* Assets.xcassets */,
				CE57B3BA275AB20A00BE311E /* LaunchScreen.storyboard */,
				CE57B3BD275AB20A00BE311E /* Info.plist */,
				CED203A327D9370E00E5120E /* ArchiveCode.swift */,
			);
			path = OPUSDReminder;
			sourceTree = "<group>";
		};
		CEEE0AEA27BD723500E5C97A /* Frameworks */ = {
			isa = PBXGroup;
			children = (
			);
			name = Frameworks;
			sourceTree = "<group>";
		};
/* End PBXGroup section */

/* Begin PBXNativeTarget section */
		CE57B3AB275AB20000BE311E /* OPUSDReminder */ = {
			isa = PBXNativeTarget;
			buildConfigurationList = CE57B3C0275AB20A00BE311E /* Build configuration list for PBXNativeTarget "OPUSDReminder" */;
			buildPhases = (
				CE57B3A8275AB20000BE311E /* Sources */,
				CE57B3A9275AB20000BE311E /* Frameworks */,
				CE57B3AA275AB20000BE311E /* Resources */,
			);
			buildRules = (
			);
			dependencies = (
			);
			name = OPUSDReminder;
			packageProductDependencies = (
				CE541DA3277CFEDE008532EE /* GoogleSignIn */,
			);
			productName = OPUSDReminder;
			productReference = CE57B3AC275AB20000BE311E /* OPUSDReminder.app */;
			productType = "com.apple.product-type.application";
		};
/* End PBXNativeTarget section */

/* Begin PBXProject section */
		CE57B3A4275AB20000BE311E /* Project object */ = {
			isa = PBXProject;
			attributes = {
				BuildIndependentTargetsInParallel = 1;
				LastSwiftUpdateCheck = 1310;
				LastUpgradeCheck = 1310;
				TargetAttributes = {
					CE57B3AB275AB20000BE311E = {
						CreatedOnToolsVersion = 13.1;
					};
				};
			};
			buildConfigurationList = CE57B3A7275AB20000BE311E /* Build configuration list for PBXProject "OPUSDReminder" */;
			compatibilityVersion = "Xcode 13.0";
			developmentRegion = en;
			hasScannedForEncodings = 0;
			knownRegions = (
				en,
				Base,
			);
			mainGroup = CE57B3A3275AB20000BE311E;
			packageReferences = (
				CE541DA2277CFEDE008532EE /* XCRemoteSwiftPackageReference "GoogleSignIn-iOS" */,
			);
			productRefGroup = CE57B3AD275AB20000BE311E /* Products */;
			projectDirPath = "";
			projectRoot = "";
			targets = (
				CE57B3AB275AB20000BE311E /* OPUSDReminder */,
			);
		};
/* End PBXProject section */

/* Begin PBXResourcesBuildPhase section */
		CE57B3AA275AB20000BE311E /* Resources */ = {
			isa = PBXResourcesBuildPhase;
			buildActionMask = 2147483647;
			files = (
				CE57B3BC275AB20A00BE311E /* LaunchScreen.storyboard in Resources */,
				CE57B3B9275AB20A00BE311E /* Assets.xcassets in Resources */,
				CE57B3B7275AB20000BE311E /* Main.storyboard in Resources */,
			);
			runOnlyForDeploymentPostprocessing = 0;
		};
/* End PBXResourcesBuildPhase section */

/* Begin PBXSourcesBuildPhase section */
		CE57B3A8275AB20000BE311E /* Sources */ = {
			isa = PBXSourcesBuildPhase;
			buildActionMask = 2147483647;
			files = (
				CE541DC6277FB65C008532EE /* SettingsVC.swift in Sources */,
				CED203A427D9370E00E5120E /* ArchiveCode.swift in Sources */,
				CE541DA8277D0A18008532EE /* SignInVC.swift in Sources */,
				CE541DC2277E7A78008532EE /* GoogleSignInManager.swift in Sources */,
				CEEA63AB27D9789B00C420C1 /* UserDefaultsManager.swift in Sources */,
				CE541DC827819BB0008532EE /* ENewsVC.swift in Sources */,
				CE541DCA2781A084008532EE /* StudentSubmission.swift in Sources */,
				CE541DAE277E4F36008532EE /* DataManager.swift in Sources */,
				CE82A1A027839EEE002E63DE /* BulletinVC.swift in Sources */,
				CE1B57E227A10F4A005837ED /* ClassworkDecisionVC.swift in Sources */,
				CE541DB1277E4FE8008532EE /* Class.swift in Sources */,
				CE541DBA277E5149008532EE /* Date&Time.swift in Sources */,
				CE541D9F277C510B008532EE /* RestManager.swift in Sources */,
				CE541DB6277E50F2008532EE /* Course.swift in Sources */,
				CE1B57DF27A10B1B005837ED /* Functions.swift in Sources */,
				CE1B57E927A1C44C005837ED /* ClassroomRestEndpoints.swift in Sources */,
				CE2B18E4275D70BB0033AB1E /* DueDateCell.swift in Sources */,
				CE8E6475278C2D2200F09A3F /* FooterCell.swift in Sources */,
				CE1B57E727A1C3C0005837ED /* ClassroomInternal.swift in Sources */,
				CE541DB8277E5114008532EE /* CourseWork.swift in Sources */,
				CEA300D92797945900FE2D0A /* Registration.swift in Sources */,
				CE57B3B4275AB20000BE311E /* ClassworkVC.swift in Sources */,
				CE82A19E27826503002E63DE /* AddScopesVC.swift in Sources */,
				CE2B18E0275D6A3C0033AB1E /* OnboardingVC.swift in Sources */,
				CE541D9D277C4C01008532EE /* ClassroomManager.swift in Sources */,
				CE57B3B0275AB20000BE311E /* AppDelegate.swift in Sources */,
				CE57B3B2275AB20000BE311E /* SceneDelegate.swift in Sources */,
				CE1B57E527A1C25D005837ED /* Classroom.swift in Sources */,
				CE541DB3277E4FF7008532EE /* Assignment.swift in Sources */,
			);
			runOnlyForDeploymentPostprocessing = 0;
		};
/* End PBXSourcesBuildPhase section */

/* Begin PBXVariantGroup section */
		CE57B3B5275AB20000BE311E /* Main.storyboard */ = {
			isa = PBXVariantGroup;
			children = (
				CE57B3B6275AB20000BE311E /* Base */,
			);
			name = Main.storyboard;
			sourceTree = "<group>";
		};
		CE57B3BA275AB20A00BE311E /* LaunchScreen.storyboard */ = {
			isa = PBXVariantGroup;
			children = (
				CE57B3BB275AB20A00BE311E /* Base */,
			);
			name = LaunchScreen.storyboard;
			sourceTree = "<group>";
		};
/* End PBXVariantGroup section */

/* Begin XCBuildConfiguration section */
		CE57B3BE275AB20A00BE311E /* Debug */ = {
			isa = XCBuildConfiguration;
			buildSettings = {
				ALWAYS_SEARCH_USER_PATHS = NO;
				CLANG_ANALYZER_NONNULL = YES;
				CLANG_ANALYZER_NUMBER_OBJECT_CONVERSION = YES_AGGRESSIVE;
				CLANG_CXX_LANGUAGE_STANDARD = "gnu++17";
				CLANG_CXX_LIBRARY = "libc++";
				CLANG_ENABLE_MODULES = YES;
				CLANG_ENABLE_OBJC_ARC = YES;
				CLANG_ENABLE_OBJC_WEAK = YES;
				CLANG_WARN_BLOCK_CAPTURE_AUTORELEASING = YES;
				CLANG_WARN_BOOL_CONVERSION = YES;
				CLANG_WARN_COMMA = YES;
				CLANG_WARN_CONSTANT_CONVERSION = YES;
				CLANG_WARN_DEPRECATED_OBJC_IMPLEMENTATIONS = YES;
				CLANG_WARN_DIRECT_OBJC_ISA_USAGE = YES_ERROR;
				CLANG_WARN_DOCUMENTATION_COMMENTS = YES;
				CLANG_WARN_EMPTY_BODY = YES;
				CLANG_WARN_ENUM_CONVERSION = YES;
				CLANG_WARN_INFINITE_RECURSION = YES;
				CLANG_WARN_INT_CONVERSION = YES;
				CLANG_WARN_NON_LITERAL_NULL_CONVERSION = YES;
				CLANG_WARN_OBJC_IMPLICIT_RETAIN_SELF = YES;
				CLANG_WARN_OBJC_LITERAL_CONVERSION = YES;
				CLANG_WARN_OBJC_ROOT_CLASS = YES_ERROR;
				CLANG_WARN_QUOTED_INCLUDE_IN_FRAMEWORK_HEADER = YES;
				CLANG_WARN_RANGE_LOOP_ANALYSIS = YES;
				CLANG_WARN_STRICT_PROTOTYPES = YES;
				CLANG_WARN_SUSPICIOUS_MOVE = YES;
				CLANG_WARN_UNGUARDED_AVAILABILITY = YES_AGGRESSIVE;
				CLANG_WARN_UNREACHABLE_CODE = YES;
				CLANG_WARN__DUPLICATE_METHOD_MATCH = YES;
				COPY_PHASE_STRIP = NO;
				DEBUG_INFORMATION_FORMAT = dwarf;
				ENABLE_STRICT_OBJC_MSGSEND = YES;
				ENABLE_TESTABILITY = YES;
				GCC_C_LANGUAGE_STANDARD = gnu11;
				GCC_DYNAMIC_NO_PIC = NO;
				GCC_NO_COMMON_BLOCKS = YES;
				GCC_OPTIMIZATION_LEVEL = 0;
				GCC_PREPROCESSOR_DEFINITIONS = (
					"DEBUG=1",
					"$(inherited)",
				);
				GCC_WARN_64_TO_32_BIT_CONVERSION = YES;
				GCC_WARN_ABOUT_RETURN_TYPE = YES_ERROR;
				GCC_WARN_UNDECLARED_SELECTOR = YES;
				GCC_WARN_UNINITIALIZED_AUTOS = YES_AGGRESSIVE;
				GCC_WARN_UNUSED_FUNCTION = YES;
				GCC_WARN_UNUSED_VARIABLE = YES;
				IPHONEOS_DEPLOYMENT_TARGET = 15.0;
				MTL_ENABLE_DEBUG_INFO = INCLUDE_SOURCE;
				MTL_FAST_MATH = YES;
				ONLY_ACTIVE_ARCH = YES;
				SDKROOT = iphoneos;
				SWIFT_ACTIVE_COMPILATION_CONDITIONS = DEBUG;
				SWIFT_OPTIMIZATION_LEVEL = "-Onone";
			};
			name = Debug;
		};
		CE57B3BF275AB20A00BE311E /* Release */ = {
			isa = XCBuildConfiguration;
			buildSettings = {
				ALWAYS_SEARCH_USER_PATHS = NO;
				CLANG_ANALYZER_NONNULL = YES;
				CLANG_ANALYZER_NUMBER_OBJECT_CONVERSION = YES_AGGRESSIVE;
				CLANG_CXX_LANGUAGE_STANDARD = "gnu++17";
				CLANG_CXX_LIBRARY = "libc++";
				CLANG_ENABLE_MODULES = YES;
				CLANG_ENABLE_OBJC_ARC = YES;
				CLANG_ENABLE_OBJC_WEAK = YES;
				CLANG_WARN_BLOCK_CAPTURE_AUTORELEASING = YES;
				CLANG_WARN_BOOL_CONVERSION = YES;
				CLANG_WARN_COMMA = YES;
				CLANG_WARN_CONSTANT_CONVERSION = YES;
				CLANG_WARN_DEPRECATED_OBJC_IMPLEMENTATIONS = YES;
				CLANG_WARN_DIRECT_OBJC_ISA_USAGE = YES_ERROR;
				CLANG_WARN_DOCUMENTATION_COMMENTS = YES;
				CLANG_WARN_EMPTY_BODY = YES;
				CLANG_WARN_ENUM_CONVERSION = YES;
				CLANG_WARN_INFINITE_RECURSION = YES;
				CLANG_WARN_INT_CONVERSION = YES;
				CLANG_WARN_NON_LITERAL_NULL_CONVERSION = YES;
				CLANG_WARN_OBJC_IMPLICIT_RETAIN_SELF = YES;
				CLANG_WARN_OBJC_LITERAL_CONVERSION = YES;
				CLANG_WARN_OBJC_ROOT_CLASS = YES_ERROR;
				CLANG_WARN_QUOTED_INCLUDE_IN_FRAMEWORK_HEADER = YES;
				CLANG_WARN_RANGE_LOOP_ANALYSIS = YES;
				CLANG_WARN_STRICT_PROTOTYPES = YES;
				CLANG_WARN_SUSPICIOUS_MOVE = YES;
				CLANG_WARN_UNGUARDED_AVAILABILITY = YES_AGGRESSIVE;
				CLANG_WARN_UNREACHABLE_CODE = YES;
				CLANG_WARN__DUPLICATE_METHOD_MATCH = YES;
				COPY_PHASE_STRIP = NO;
				DEBUG_INFORMATION_FORMAT = "dwarf-with-dsym";
				ENABLE_NS_ASSERTIONS = NO;
				ENABLE_STRICT_OBJC_MSGSEND = YES;
				GCC_C_LANGUAGE_STANDARD = gnu11;
				GCC_NO_COMMON_BLOCKS = YES;
				GCC_WARN_64_TO_32_BIT_CONVERSION = YES;
				GCC_WARN_ABOUT_RETURN_TYPE = YES_ERROR;
				GCC_WARN_UNDECLARED_SELECTOR = YES;
				GCC_WARN_UNINITIALIZED_AUTOS = YES_AGGRESSIVE;
				GCC_WARN_UNUSED_FUNCTION = YES;
				GCC_WARN_UNUSED_VARIABLE = YES;
				IPHONEOS_DEPLOYMENT_TARGET = 15.0;
				MTL_ENABLE_DEBUG_INFO = NO;
				MTL_FAST_MATH = YES;
				SDKROOT = iphoneos;
				SWIFT_COMPILATION_MODE = wholemodule;
				SWIFT_OPTIMIZATION_LEVEL = "-O";
				VALIDATE_PRODUCT = YES;
			};
			name = Release;
		};
		CE57B3C1275AB20A00BE311E /* Debug */ = {
			isa = XCBuildConfiguration;
			buildSettings = {
				ASSETCATALOG_COMPILER_APPICON_NAME = AppIcon;
				ASSETCATALOG_COMPILER_GLOBAL_ACCENT_COLOR_NAME = AccentColor;
				CODE_SIGN_ENTITLEMENTS = OPUSDReminder/OPUSDReminder.entitlements;
				CODE_SIGN_STYLE = Automatic;
				CURRENT_PROJECT_VERSION = 1;
				DEVELOPMENT_TEAM = L7EW4Q76QJ;
				GENERATE_INFOPLIST_FILE = YES;
				INFOPLIST_FILE = OPUSDReminder/Info.plist;
				INFOPLIST_KEY_CFBundleDisplayName = "OPUSD Reminder";
				INFOPLIST_KEY_UIApplicationSupportsIndirectInputEvents = YES;
				INFOPLIST_KEY_UILaunchStoryboardName = LaunchScreen;
				INFOPLIST_KEY_UIMainStoryboardFile = Main;
				INFOPLIST_KEY_UISupportedInterfaceOrientations_iPad = "UIInterfaceOrientationPortrait UIInterfaceOrientationPortraitUpsideDown UIInterfaceOrientationLandscapeLeft UIInterfaceOrientationLandscapeRight";
				INFOPLIST_KEY_UISupportedInterfaceOrientations_iPhone = "UIInterfaceOrientationPortrait UIInterfaceOrientationLandscapeLeft UIInterfaceOrientationLandscapeRight";
				LD_RUNPATH_SEARCH_PATHS = (
					"$(inherited)",
					"@executable_path/Frameworks",
				);
				MARKETING_VERSION = 1.0;
				PRODUCT_BUNDLE_IDENTIFIER = com.ericsolberg.OPUSDReminder;
				PRODUCT_NAME = "$(TARGET_NAME)";
				SWIFT_EMIT_LOC_STRINGS = YES;
				SWIFT_VERSION = 5.0;
				TARGETED_DEVICE_FAMILY = "1,2";
			};
			name = Debug;
		};
		CE57B3C2275AB20A00BE311E /* Release */ = {
			isa = XCBuildConfiguration;
			buildSettings = {
				ASSETCATALOG_COMPILER_APPICON_NAME = AppIcon;
				ASSETCATALOG_COMPILER_GLOBAL_ACCENT_COLOR_NAME = AccentColor;
				CODE_SIGN_ENTITLEMENTS = OPUSDReminder/OPUSDReminderRelease.entitlements;
				CODE_SIGN_STYLE = Automatic;
				CURRENT_PROJECT_VERSION = 1;
				DEVELOPMENT_TEAM = L7EW4Q76QJ;
				GENERATE_INFOPLIST_FILE = YES;
				INFOPLIST_FILE = OPUSDReminder/Info.plist;
				INFOPLIST_KEY_CFBundleDisplayName = "OPUSD Reminder";
				INFOPLIST_KEY_UIApplicationSupportsIndirectInputEvents = YES;
				INFOPLIST_KEY_UILaunchStoryboardName = LaunchScreen;
				INFOPLIST_KEY_UIMainStoryboardFile = Main;
				INFOPLIST_KEY_UISupportedInterfaceOrientations_iPad = "UIInterfaceOrientationPortrait UIInterfaceOrientationPortraitUpsideDown UIInterfaceOrientationLandscapeLeft UIInterfaceOrientationLandscapeRight";
				INFOPLIST_KEY_UISupportedInterfaceOrientations_iPhone = "UIInterfaceOrientationPortrait UIInterfaceOrientationLandscapeLeft UIInterfaceOrientationLandscapeRight";
				LD_RUNPATH_SEARCH_PATHS = (
					"$(inherited)",
					"@executable_path/Frameworks",
				);
				MARKETING_VERSION = 1.0;
				PRODUCT_BUNDLE_IDENTIFIER = com.ericsolberg.OPUSDReminder;
				PRODUCT_NAME = "$(TARGET_NAME)";
				SWIFT_EMIT_LOC_STRINGS = YES;
				SWIFT_VERSION = 5.0;
				TARGETED_DEVICE_FAMILY = "1,2";
			};
			name = Release;
		};
/* End XCBuildConfiguration section */

/* Begin XCConfigurationList section */
		CE57B3A7275AB20000BE311E /* Build configuration list for PBXProject "OPUSDReminder" */ = {
			isa = XCConfigurationList;
			buildConfigurations = (
				CE57B3BE275AB20A00BE311E /* Debug */,
				CE57B3BF275AB20A00BE311E /* Release */,
			);
			defaultConfigurationIsVisible = 0;
			defaultConfigurationName = Release;
		};
		CE57B3C0275AB20A00BE311E /* Build configuration list for PBXNativeTarget "OPUSDReminder" */ = {
			isa = XCConfigurationList;
			buildConfigurations = (
				CE57B3C1275AB20A00BE311E /* Debug */,
				CE57B3C2275AB20A00BE311E /* Release */,
			);
			defaultConfigurationIsVisible = 0;
			defaultConfigurationName = Release;
		};
/* End XCConfigurationList section */

/* Begin XCRemoteSwiftPackageReference section */
		CE541DA2277CFEDE008532EE /* XCRemoteSwiftPackageReference "GoogleSignIn-iOS" */ = {
			isa = XCRemoteSwiftPackageReference;
			repositoryURL = "https://github.com/google/GoogleSignIn-iOS";
			requirement = {
				kind = upToNextMajorVersion;
				minimumVersion = 6.0.2;
			};
		};
/* End XCRemoteSwiftPackageReference section */

/* Begin XCSwiftPackageProductDependency section */
		CE541DA3277CFEDE008532EE /* GoogleSignIn */ = {
			isa = XCSwiftPackageProductDependency;
			package = CE541DA2277CFEDE008532EE /* XCRemoteSwiftPackageReference "GoogleSignIn-iOS" */;
			productName = GoogleSignIn;
		};
/* End XCSwiftPackageProductDependency section */
	};
	rootObject = CE57B3A4275AB20000BE311E /* Project object */;
}
